
Microsoft Visual Studio Solution File, Format Version 12.00
# Visual Studio Version 16
VisualStudioVersion = 16.0.30523.141
MinimumVisualStudioVersion = 10.0.40219.1
Project("{FAE04EC0-301F-11D3-BF4B-00C04F79EFBC}") = "GOOM.TR.MyRetail.NET", "GOOM.TR.MyRetail.NET\GOOM.TR.MyRetail.NET.csproj", "{F785AD8F-B835-48C4-882F-89D8A51844B8}"
EndProject
Project("{FAE04EC0-301F-11D3-BF4B-00C04F79EFBC}") = "GOOM.TR.MyRetail.NET.Tests", "GOOM.TR.MyRetail.NET.Tests\GOOM.TR.MyRetail.NET.Tests.csproj", "{55ED9B14-EC80-496A-9B69-89E646BDEE87}"
EndProject
Global
	GlobalSection(SolutionConfigurationPlatforms) = preSolution
		Debug|Any CPU = Debug|Any CPU
		Release|Any CPU = Release|Any CPU
	EndGlobalSection
	GlobalSection(ProjectConfigurationPlatforms) = postSolution
		{F785AD8F-B835-48C4-882F-89D8A51844B8}.Debug|Any CPU.ActiveCfg = Debug|Any CPU
		{F785AD8F-B835-48C4-882F-89D8A51844B8}.Debug|Any CPU.Build.0 = Debug|Any CPU
		{F785AD8F-B835-48C4-882F-89D8A51844B8}.Release|Any CPU.ActiveCfg = Release|Any CPU
		{F785AD8F-B835-48C4-882F-89D8A51844B8}.Release|Any CPU.Build.0 = Release|Any CPU
		{55ED9B14-EC80-496A-9B69-89E646BDEE87}.Debug|Any CPU.ActiveCfg = Debug|Any CPU
		{55ED9B14-EC80-496A-9B69-89E646BDEE87}.Debug|Any CPU.Build.0 = Debug|Any CPU
		{55ED9B14-EC80-496A-9B69-89E646BDEE87}.Release|Any CPU.ActiveCfg = Release|Any CPU
		{55ED9B14-EC80-496A-9B69-89E646BDEE87}.Release|Any CPU.Build.0 = Release|Any CPU
	EndGlobalSection
	GlobalSection(SolutionProperties) = preSolution
		HideSolutionNode = FALSE
	EndGlobalSection
	GlobalSection(ExtensibilityGlobals) = postSolution
		SolutionGuid = {92CBAF7F-29FC-4FE0-BCBF-92F0A7636953}
	EndGlobalSection
EndGlobal
